// !$*UTF8*$!
{
	archiveVersion = 1;
	classes = {
	};
	objectVersion = 46;
	objects = {

/* Begin PBXBuildFile section */
		D23F8FE8476E46B78251D359 /* libPods.a in Frameworks */ = {isa = PBXBuildFile; fileRef = 1685C0D730DD4647991C87BB /* libPods.a */; };
		ED1B5CF618035493005E8F90 /* ProfileVC.m in Sources */ = {isa = PBXBuildFile; fileRef = ED1B5CF418035493005E8F90 /* ProfileVC.m */; };
		ED1B5CF718035493005E8F90 /* ProfileVC.xib in Resources */ = {isa = PBXBuildFile; fileRef = ED1B5CF518035493005E8F90 /* ProfileVC.xib */; };
		ED1B5CFB180354A3005E8F90 /* SearchVC.m in Sources */ = {isa = PBXBuildFile; fileRef = ED1B5CF9180354A3005E8F90 /* SearchVC.m */; };
		ED1B5CFC180354A3005E8F90 /* SearchVC.xib in Resources */ = {isa = PBXBuildFile; fileRef = ED1B5CFA180354A3005E8F90 /* SearchVC.xib */; };
		ED1B5D0118046334005E8F90 /* User.m in Sources */ = {isa = PBXBuildFile; fileRef = ED1B5D0018046334005E8F90 /* User.m */; };
		ED1B5D101804B415005E8F90 /* Lato-Bol.ttf in Resources */ = {isa = PBXBuildFile; fileRef = ED1B5D061804B415005E8F90 /* Lato-Bol.ttf */; };
		ED1B5D111804B415005E8F90 /* Lato-Hai.ttf in Resources */ = {isa = PBXBuildFile; fileRef = ED1B5D071804B415005E8F90 /* Lato-Hai.ttf */; };
		ED1B5D121804B415005E8F90 /* Lato-BolIta.ttf in Resources */ = {isa = PBXBuildFile; fileRef = ED1B5D081804B415005E8F90 /* Lato-BolIta.ttf */; };
		ED1B5D131804B415005E8F90 /* Lato-Reg.ttf in Resources */ = {isa = PBXBuildFile; fileRef = ED1B5D091804B415005E8F90 /* Lato-Reg.ttf */; };
		ED1B5D141804B415005E8F90 /* Lato-Bla.ttf in Resources */ = {isa = PBXBuildFile; fileRef = ED1B5D0A1804B415005E8F90 /* Lato-Bla.ttf */; };
		ED1B5D151804B415005E8F90 /* Lato-RegIta.ttf in Resources */ = {isa = PBXBuildFile; fileRef = ED1B5D0B1804B415005E8F90 /* Lato-RegIta.ttf */; };
		ED1B5D161804B415005E8F90 /* Lato-Lig.ttf in Resources */ = {isa = PBXBuildFile; fileRef = ED1B5D0C1804B415005E8F90 /* Lato-Lig.ttf */; };
		ED1B5D171804B415005E8F90 /* Lato-HaiIta.ttf in Resources */ = {isa = PBXBuildFile; fileRef = ED1B5D0D1804B415005E8F90 /* Lato-HaiIta.ttf */; };
		ED1B5D181804B415005E8F90 /* Lato-LigIta.ttf in Resources */ = {isa = PBXBuildFile; fileRef = ED1B5D0E1804B415005E8F90 /* Lato-LigIta.ttf */; };
		ED1B5D191804B415005E8F90 /* Lato-BlaIta.ttf in Resources */ = {isa = PBXBuildFile; fileRef = ED1B5D0F1804B415005E8F90 /* Lato-BlaIta.ttf */; };
		ED1B5D1B1804BA34005E8F90 /* pink_button.png in Resources */ = {isa = PBXBuildFile; fileRef = ED1B5D1A1804BA34005E8F90 /* pink_button.png */; };
		ED1B5D1D1804BB37005E8F90 /* gray_button.png in Resources */ = {isa = PBXBuildFile; fileRef = ED1B5D1C1804BB37005E8F90 /* gray_button.png */; };
		ED1B5D251804C395005E8F90 /* libTestFlight.a in Frameworks */ = {isa = PBXBuildFile; fileRef = ED1B5D1F1804C395005E8F90 /* libTestFlight.a */; };
		ED1B5D261804C395005E8F90 /* README.md in Resources */ = {isa = PBXBuildFile; fileRef = ED1B5D201804C395005E8F90 /* README.md */; };
		ED1B5D271804C395005E8F90 /* release_notes.md in Resources */ = {isa = PBXBuildFile; fileRef = ED1B5D211804C395005E8F90 /* release_notes.md */; };
		ED1B5D291804C3D4005E8F90 /* libz.dylib in Frameworks */ = {isa = PBXBuildFile; fileRef = ED1B5D281804C3D4005E8F90 /* libz.dylib */; };
		ED2935991808C40D008537F1 /* women2logo.png in Resources */ = {isa = PBXBuildFile; fileRef = ED2935981808C40C008537F1 /* women2logo.png */; };
		ED2935A41808C4F6008537F1 /* attendeelist@2x.png in Resources */ = {isa = PBXBuildFile; fileRef = ED29359A1808C4F6008537F1 /* attendeelist@2x.png */; };
		ED2935A51808C4F6008537F1 /* attendeelist.png in Resources */ = {isa = PBXBuildFile; fileRef = ED29359B1808C4F6008537F1 /* attendeelist.png */; };
		ED2935A61808C4F6008537F1 /* photo.png in Resources */ = {isa = PBXBuildFile; fileRef = ED29359C1808C4F6008537F1 /* photo.png */; };
		ED2935A71808C4F6008537F1 /* photo@2x.png in Resources */ = {isa = PBXBuildFile; fileRef = ED29359D1808C4F6008537F1 /* photo@2x.png */; };
		ED2935A81808C4F6008537F1 /* profile@2x.png in Resources */ = {isa = PBXBuildFile; fileRef = ED29359E1808C4F6008537F1 /* profile@2x.png */; };
		ED2935A91808C4F6008537F1 /* profile.png in Resources */ = {isa = PBXBuildFile; fileRef = ED29359F1808C4F6008537F1 /* profile.png */; };
		ED2935AA1808C4F6008537F1 /* search@2x.png in Resources */ = {isa = PBXBuildFile; fileRef = ED2935A01808C4F6008537F1 /* search@2x.png */; };
		ED2935AB1808C4F6008537F1 /* search.png in Resources */ = {isa = PBXBuildFile; fileRef = ED2935A11808C4F6008537F1 /* search.png */; };
		ED2935AC1808C4F6008537F1 /* addphoto@2x.png in Resources */ = {isa = PBXBuildFile; fileRef = ED2935A21808C4F6008537F1 /* addphoto@2x.png */; };
		ED2935AD1808C4F6008537F1 /* addphoto.png in Resources */ = {isa = PBXBuildFile; fileRef = ED2935A31808C4F6008537F1 /* addphoto.png */; };
		ED81993917F791A400BB9BC7 /* connectClient.m in Sources */ = {isa = PBXBuildFile; fileRef = ED81993817F791A400BB9BC7 /* connectClient.m */; };
		ED81993C17F798E700BB9BC7 /* AttendingViewController.m in Sources */ = {isa = PBXBuildFile; fileRef = ED81993B17F798E700BB9BC7 /* AttendingViewController.m */; };
		ED81993E17F79BD000BB9BC7 /* Attending_iPhone.xib in Resources */ = {isa = PBXBuildFile; fileRef = ED81993D17F79BD000BB9BC7 /* Attending_iPhone.xib */; };
		ED94E74C180523130079F7A8 /* PhotoVC.m in Sources */ = {isa = PBXBuildFile; fileRef = ED94E74B180523130079F7A8 /* PhotoVC.m */; };
		ED94E750180524030079F7A8 /* PhotoVC.xib in Resources */ = {isa = PBXBuildFile; fileRef = ED94E74F180524030079F7A8 /* PhotoVC.xib */; };
		ED94E75518052ECA0079F7A8 /* wizard1VC.m in Sources */ = {isa = PBXBuildFile; fileRef = ED94E75318052ECA0079F7A8 /* wizard1VC.m */; };
		ED94E75618052ECA0079F7A8 /* wizard1VC.xib in Resources */ = {isa = PBXBuildFile; fileRef = ED94E75418052ECA0079F7A8 /* wizard1VC.xib */; };
		EDF7A1C817F76F2B00875DD8 /* UIKit.framework in Frameworks */ = {isa = PBXBuildFile; fileRef = EDF7A1C717F76F2B00875DD8 /* UIKit.framework */; };
		EDF7A1CA17F76F2B00875DD8 /* Foundation.framework in Frameworks */ = {isa = PBXBuildFile; fileRef = EDF7A1C917F76F2B00875DD8 /* Foundation.framework */; };
		EDF7A1CC17F76F2B00875DD8 /* CoreGraphics.framework in Frameworks */ = {isa = PBXBuildFile; fileRef = EDF7A1CB17F76F2B00875DD8 /* CoreGraphics.framework */; };
		EDF7A1D217F76F2B00875DD8 /* InfoPlist.strings in Resources */ = {isa = PBXBuildFile; fileRef = EDF7A1D017F76F2B00875DD8 /* InfoPlist.strings */; };
		EDF7A1D417F76F2B00875DD8 /* main.m in Sources */ = {isa = PBXBuildFile; fileRef = EDF7A1D317F76F2B00875DD8 /* main.m */; };
		EDF7A1D817F76F2B00875DD8 /* AppDelegate.m in Sources */ = {isa = PBXBuildFile; fileRef = EDF7A1D717F76F2B00875DD8 /* AppDelegate.m */; };
		EDF7A1DA17F76F2B00875DD8 /* Default.png in Resources */ = {isa = PBXBuildFile; fileRef = EDF7A1D917F76F2B00875DD8 /* Default.png */; };
		EDF7A1DC17F76F2B00875DD8 /* Default@2x.png in Resources */ = {isa = PBXBuildFile; fileRef = EDF7A1DB17F76F2B00875DD8 /* Default@2x.png */; };
		EDF7A1DE17F76F2B00875DD8 /* Default-568h@2x.png in Resources */ = {isa = PBXBuildFile; fileRef = EDF7A1DD17F76F2B00875DD8 /* Default-568h@2x.png */; };
		EDF7A20017F76F2C00875DD8 /* SenTestingKit.framework in Frameworks */ = {isa = PBXBuildFile; fileRef = EDF7A1FF17F76F2C00875DD8 /* SenTestingKit.framework */; };
		EDF7A20117F76F2C00875DD8 /* UIKit.framework in Frameworks */ = {isa = PBXBuildFile; fileRef = EDF7A1C717F76F2B00875DD8 /* UIKit.framework */; };
		EDF7A20217F76F2C00875DD8 /* Foundation.framework in Frameworks */ = {isa = PBXBuildFile; fileRef = EDF7A1C917F76F2B00875DD8 /* Foundation.framework */; };
		EDF7A20A17F76F2C00875DD8 /* InfoPlist.strings in Resources */ = {isa = PBXBuildFile; fileRef = EDF7A20817F76F2C00875DD8 /* InfoPlist.strings */; };
		EDF7A20D17F76F2C00875DD8 /* w2connectTests.m in Sources */ = {isa = PBXBuildFile; fileRef = EDF7A20C17F76F2C00875DD8 /* w2connectTests.m */; };
		EDF7A21917F779B300875DD8 /* LoginViewController.m in Sources */ = {isa = PBXBuildFile; fileRef = EDF7A21717F779B300875DD8 /* LoginViewController.m */; };
		EDF7A21C17F77AF900875DD8 /* LoginView_iPhone.xib in Resources */ = {isa = PBXBuildFile; fileRef = EDF7A21B17F77AF900875DD8 /* LoginView_iPhone.xib */; };
/* End PBXBuildFile section */

/* Begin PBXContainerItemProxy section */
		EDF7A20317F76F2C00875DD8 /* PBXContainerItemProxy */ = {
			isa = PBXContainerItemProxy;
			containerPortal = EDF7A1BC17F76F2B00875DD8 /* Project object */;
			proxyType = 1;
			remoteGlobalIDString = EDF7A1C317F76F2B00875DD8;
			remoteInfo = w2connect;
		};
/* End PBXContainerItemProxy section */

/* Begin PBXFileReference section */
		140E2582299F40BCBFE90CA2 /* Pods.xcconfig */ = {isa = PBXFileReference; includeInIndex = 1; lastKnownFileType = text.xcconfig; name = Pods.xcconfig; path = Pods/Pods.xcconfig; sourceTree = "<group>"; };
		1685C0D730DD4647991C87BB /* libPods.a */ = {isa = PBXFileReference; explicitFileType = archive.ar; includeInIndex = 0; path = libPods.a; sourceTree = BUILT_PRODUCTS_DIR; };
		ED1B5CF318035493005E8F90 /* ProfileVC.h */ = {isa = PBXFileReference; fileEncoding = 4; lastKnownFileType = sourcecode.c.h; path = ProfileVC.h; sourceTree = "<group>"; };
		ED1B5CF418035493005E8F90 /* ProfileVC.m */ = {isa = PBXFileReference; fileEncoding = 4; lastKnownFileType = sourcecode.c.objc; path = ProfileVC.m; sourceTree = "<group>"; };
		ED1B5CF518035493005E8F90 /* ProfileVC.xib */ = {isa = PBXFileReference; fileEncoding = 4; lastKnownFileType = file.xib; name = ProfileVC.xib; path = w2connect/ProfileVC.xib; sourceTree = "<group>"; };
		ED1B5CF8180354A3005E8F90 /* SearchVC.h */ = {isa = PBXFileReference; fileEncoding = 4; lastKnownFileType = sourcecode.c.h; name = SearchVC.h; path = ../SearchVC.h; sourceTree = "<group>"; };
		ED1B5CF9180354A3005E8F90 /* SearchVC.m */ = {isa = PBXFileReference; fileEncoding = 4; lastKnownFileType = sourcecode.c.objc; name = SearchVC.m; path = ../SearchVC.m; sourceTree = "<group>"; };
		ED1B5CFA180354A3005E8F90 /* SearchVC.xib */ = {isa = PBXFileReference; fileEncoding = 4; lastKnownFileType = file.xib; path = SearchVC.xib; sourceTree = "<group>"; };
		ED1B5CFF18046334005E8F90 /* User.h */ = {isa = PBXFileReference; fileEncoding = 4; lastKnownFileType = sourcecode.c.h; path = User.h; sourceTree = "<group>"; };
		ED1B5D0018046334005E8F90 /* User.m */ = {isa = PBXFileReference; fileEncoding = 4; lastKnownFileType = sourcecode.c.objc; path = User.m; sourceTree = "<group>"; };
		ED1B5D041804AFA0005E8F90 /* Constants.h */ = {isa = PBXFileReference; fileEncoding = 4; lastKnownFileType = sourcecode.c.h; name = Constants.h; path = ../Constants.h; sourceTree = "<group>"; };
		ED1B5D061804B415005E8F90 /* Lato-Bol.ttf */ = {isa = PBXFileReference; lastKnownFileType = file; path = "Lato-Bol.ttf"; sourceTree = "<group>"; };
		ED1B5D071804B415005E8F90 /* Lato-Hai.ttf */ = {isa = PBXFileReference; lastKnownFileType = file; path = "Lato-Hai.ttf"; sourceTree = "<group>"; };
		ED1B5D081804B415005E8F90 /* Lato-BolIta.ttf */ = {isa = PBXFileReference; lastKnownFileType = file; path = "Lato-BolIta.ttf"; sourceTree = "<group>"; };
		ED1B5D091804B415005E8F90 /* Lato-Reg.ttf */ = {isa = PBXFileReference; lastKnownFileType = file; path = "Lato-Reg.ttf"; sourceTree = "<group>"; };
		ED1B5D0A1804B415005E8F90 /* Lato-Bla.ttf */ = {isa = PBXFileReference; lastKnownFileType = file; path = "Lato-Bla.ttf"; sourceTree = "<group>"; };
		ED1B5D0B1804B415005E8F90 /* Lato-RegIta.ttf */ = {isa = PBXFileReference; lastKnownFileType = file; path = "Lato-RegIta.ttf"; sourceTree = "<group>"; };
		ED1B5D0C1804B415005E8F90 /* Lato-Lig.ttf */ = {isa = PBXFileReference; lastKnownFileType = file; path = "Lato-Lig.ttf"; sourceTree = "<group>"; };
		ED1B5D0D1804B415005E8F90 /* Lato-HaiIta.ttf */ = {isa = PBXFileReference; lastKnownFileType = file; path = "Lato-HaiIta.ttf"; sourceTree = "<group>"; };
		ED1B5D0E1804B415005E8F90 /* Lato-LigIta.ttf */ = {isa = PBXFileReference; lastKnownFileType = file; path = "Lato-LigIta.ttf"; sourceTree = "<group>"; };
		ED1B5D0F1804B415005E8F90 /* Lato-BlaIta.ttf */ = {isa = PBXFileReference; lastKnownFileType = file; path = "Lato-BlaIta.ttf"; sourceTree = "<group>"; };
		ED1B5D1A1804BA34005E8F90 /* pink_button.png */ = {isa = PBXFileReference; lastKnownFileType = image.png; path = pink_button.png; sourceTree = "<group>"; };
		ED1B5D1C1804BB37005E8F90 /* gray_button.png */ = {isa = PBXFileReference; lastKnownFileType = image.png; path = gray_button.png; sourceTree = "<group>"; };
		ED1B5D1F1804C395005E8F90 /* libTestFlight.a */ = {isa = PBXFileReference; lastKnownFileType = archive.ar; path = libTestFlight.a; sourceTree = "<group>"; };
		ED1B5D201804C395005E8F90 /* README.md */ = {isa = PBXFileReference; fileEncoding = 4; lastKnownFileType = text; path = README.md; sourceTree = "<group>"; };
		ED1B5D211804C395005E8F90 /* release_notes.md */ = {isa = PBXFileReference; fileEncoding = 4; lastKnownFileType = text; path = release_notes.md; sourceTree = "<group>"; };
		ED1B5D221804C395005E8F90 /* TestFlight+AsyncLogging.h */ = {isa = PBXFileReference; fileEncoding = 4; lastKnownFileType = sourcecode.c.h; path = "TestFlight+AsyncLogging.h"; sourceTree = "<group>"; };
		ED1B5D231804C395005E8F90 /* TestFlight+ManualSessions.h */ = {isa = PBXFileReference; fileEncoding = 4; lastKnownFileType = sourcecode.c.h; path = "TestFlight+ManualSessions.h"; sourceTree = "<group>"; };
		ED1B5D241804C395005E8F90 /* TestFlight.h */ = {isa = PBXFileReference; fileEncoding = 4; lastKnownFileType = sourcecode.c.h; path = TestFlight.h; sourceTree = "<group>"; };
		ED1B5D281804C3D4005E8F90 /* libz.dylib */ = {isa = PBXFileReference; lastKnownFileType = "compiled.mach-o.dylib"; name = libz.dylib; path = usr/lib/libz.dylib; sourceTree = SDKROOT; };
		ED2935981808C40C008537F1 /* women2logo.png */ = {isa = PBXFileReference; lastKnownFileType = image.png; path = women2logo.png; sourceTree = "<group>"; };
		ED29359A1808C4F6008537F1 /* attendeelist@2x.png */ = {isa = PBXFileReference; lastKnownFileType = image.png; path = "attendeelist@2x.png"; sourceTree = "<group>"; };
		ED29359B1808C4F6008537F1 /* attendeelist.png */ = {isa = PBXFileReference; lastKnownFileType = image.png; path = attendeelist.png; sourceTree = "<group>"; };
		ED29359C1808C4F6008537F1 /* photo.png */ = {isa = PBXFileReference; lastKnownFileType = image.png; path = photo.png; sourceTree = "<group>"; };
		ED29359D1808C4F6008537F1 /* photo@2x.png */ = {isa = PBXFileReference; lastKnownFileType = image.png; path = "photo@2x.png"; sourceTree = "<group>"; };
		ED29359E1808C4F6008537F1 /* profile@2x.png */ = {isa = PBXFileReference; lastKnownFileType = image.png; path = "profile@2x.png"; sourceTree = "<group>"; };
		ED29359F1808C4F6008537F1 /* profile.png */ = {isa = PBXFileReference; lastKnownFileType = image.png; path = profile.png; sourceTree = "<group>"; };
		ED2935A01808C4F6008537F1 /* search@2x.png */ = {isa = PBXFileReference; lastKnownFileType = image.png; path = "search@2x.png"; sourceTree = "<group>"; };
		ED2935A11808C4F6008537F1 /* search.png */ = {isa = PBXFileReference; lastKnownFileType = image.png; path = search.png; sourceTree = "<group>"; };
		ED2935A21808C4F6008537F1 /* addphoto@2x.png */ = {isa = PBXFileReference; lastKnownFileType = image.png; path = "addphoto@2x.png"; sourceTree = "<group>"; };
		ED2935A31808C4F6008537F1 /* addphoto.png */ = {isa = PBXFileReference; lastKnownFileType = image.png; path = addphoto.png; sourceTree = "<group>"; };
		ED81993717F791A400BB9BC7 /* connectClient.h */ = {isa = PBXFileReference; fileEncoding = 4; lastKnownFileType = sourcecode.c.h; path = connectClient.h; sourceTree = "<group>"; };
		ED81993817F791A400BB9BC7 /* connectClient.m */ = {isa = PBXFileReference; fileEncoding = 4; lastKnownFileType = sourcecode.c.objc; path = connectClient.m; sourceTree = "<group>"; };
		ED81993A17F798E700BB9BC7 /* AttendingViewController.h */ = {isa = PBXFileReference; fileEncoding = 4; lastKnownFileType = sourcecode.c.h; path = AttendingViewController.h; sourceTree = "<group>"; };
		ED81993B17F798E700BB9BC7 /* AttendingViewController.m */ = {isa = PBXFileReference; fileEncoding = 4; lastKnownFileType = sourcecode.c.objc; path = AttendingViewController.m; sourceTree = "<group>"; };
		ED81993D17F79BD000BB9BC7 /* Attending_iPhone.xib */ = {isa = PBXFileReference; fileEncoding = 4; lastKnownFileType = file.xib; name = Attending_iPhone.xib; path = w2connect/Attending_iPhone.xib; sourceTree = "<group>"; };
		ED94E74A180523130079F7A8 /* PhotoVC.h */ = {isa = PBXFileReference; fileEncoding = 4; lastKnownFileType = sourcecode.c.h; path = PhotoVC.h; sourceTree = "<group>"; };
		ED94E74B180523130079F7A8 /* PhotoVC.m */ = {isa = PBXFileReference; fileEncoding = 4; lastKnownFileType = sourcecode.c.objc; path = PhotoVC.m; sourceTree = "<group>"; };
		ED94E74F180524030079F7A8 /* PhotoVC.xib */ = {isa = PBXFileReference; fileEncoding = 4; lastKnownFileType = file.xib; path = PhotoVC.xib; sourceTree = "<group>"; };
		ED94E75218052ECA0079F7A8 /* wizard1VC.h */ = {isa = PBXFileReference; fileEncoding = 4; lastKnownFileType = sourcecode.c.h; path = wizard1VC.h; sourceTree = "<group>"; };
		ED94E75318052ECA0079F7A8 /* wizard1VC.m */ = {isa = PBXFileReference; fileEncoding = 4; lastKnownFileType = sourcecode.c.objc; path = wizard1VC.m; sourceTree = "<group>"; };
		ED94E75418052ECA0079F7A8 /* wizard1VC.xib */ = {isa = PBXFileReference; fileEncoding = 4; lastKnownFileType = file.xib; name = wizard1VC.xib; path = w2connect/wizard1VC.xib; sourceTree = "<group>"; };
		EDF7A1C417F76F2B00875DD8 /* connector.app */ = {isa = PBXFileReference; explicitFileType = wrapper.application; includeInIndex = 0; path = connector.app; sourceTree = BUILT_PRODUCTS_DIR; };
		EDF7A1C717F76F2B00875DD8 /* UIKit.framework */ = {isa = PBXFileReference; lastKnownFileType = wrapper.framework; name = UIKit.framework; path = System/Library/Frameworks/UIKit.framework; sourceTree = SDKROOT; };
		EDF7A1C917F76F2B00875DD8 /* Foundation.framework */ = {isa = PBXFileReference; lastKnownFileType = wrapper.framework; name = Foundation.framework; path = System/Library/Frameworks/Foundation.framework; sourceTree = SDKROOT; };
		EDF7A1CB17F76F2B00875DD8 /* CoreGraphics.framework */ = {isa = PBXFileReference; lastKnownFileType = wrapper.framework; name = CoreGraphics.framework; path = System/Library/Frameworks/CoreGraphics.framework; sourceTree = SDKROOT; };
		EDF7A1CF17F76F2B00875DD8 /* connector-Info.plist */ = {isa = PBXFileReference; lastKnownFileType = text.plist.xml; path = "connector-Info.plist"; sourceTree = "<group>"; };
		EDF7A1D117F76F2B00875DD8 /* en */ = {isa = PBXFileReference; lastKnownFileType = text.plist.strings; name = en; path = en.lproj/InfoPlist.strings; sourceTree = "<group>"; };
		EDF7A1D317F76F2B00875DD8 /* main.m */ = {isa = PBXFileReference; lastKnownFileType = sourcecode.c.objc; path = main.m; sourceTree = "<group>"; };
		EDF7A1D517F76F2B00875DD8 /* connector-Prefix.pch */ = {isa = PBXFileReference; lastKnownFileType = sourcecode.c.h; path = "connector-Prefix.pch"; sourceTree = "<group>"; };
		EDF7A1D617F76F2B00875DD8 /* AppDelegate.h */ = {isa = PBXFileReference; lastKnownFileType = sourcecode.c.h; path = AppDelegate.h; sourceTree = "<group>"; };
		EDF7A1D717F76F2B00875DD8 /* AppDelegate.m */ = {isa = PBXFileReference; lastKnownFileType = sourcecode.c.objc; path = AppDelegate.m; sourceTree = "<group>"; };
		EDF7A1D917F76F2B00875DD8 /* Default.png */ = {isa = PBXFileReference; lastKnownFileType = image.png; path = Default.png; sourceTree = "<group>"; };
		EDF7A1DB17F76F2B00875DD8 /* Default@2x.png */ = {isa = PBXFileReference; lastKnownFileType = image.png; path = "Default@2x.png"; sourceTree = "<group>"; };
		EDF7A1DD17F76F2B00875DD8 /* Default-568h@2x.png */ = {isa = PBXFileReference; lastKnownFileType = image.png; path = "Default-568h@2x.png"; sourceTree = "<group>"; };
		EDF7A1FE17F76F2C00875DD8 /* connectorTests.octest */ = {isa = PBXFileReference; explicitFileType = wrapper.cfbundle; includeInIndex = 0; path = connectorTests.octest; sourceTree = BUILT_PRODUCTS_DIR; };
		EDF7A1FF17F76F2C00875DD8 /* SenTestingKit.framework */ = {isa = PBXFileReference; lastKnownFileType = wrapper.framework; name = SenTestingKit.framework; path = Library/Frameworks/SenTestingKit.framework; sourceTree = DEVELOPER_DIR; };
		EDF7A20717F76F2C00875DD8 /* connectorTests-Info.plist */ = {isa = PBXFileReference; lastKnownFileType = text.plist.xml; path = "connectorTests-Info.plist"; sourceTree = "<group>"; };
		EDF7A20917F76F2C00875DD8 /* en */ = {isa = PBXFileReference; lastKnownFileType = text.plist.strings; name = en; path = en.lproj/InfoPlist.strings; sourceTree = "<group>"; };
		EDF7A20B17F76F2C00875DD8 /* w2connectTests.h */ = {isa = PBXFileReference; lastKnownFileType = sourcecode.c.h; path = w2connectTests.h; sourceTree = "<group>"; };
		EDF7A20C17F76F2C00875DD8 /* w2connectTests.m */ = {isa = PBXFileReference; lastKnownFileType = sourcecode.c.objc; path = w2connectTests.m; sourceTree = "<group>"; };
		EDF7A21617F779B300875DD8 /* LoginViewController.h */ = {isa = PBXFileReference; fileEncoding = 4; lastKnownFileType = sourcecode.c.h; path = LoginViewController.h; sourceTree = "<group>"; };
		EDF7A21717F779B300875DD8 /* LoginViewController.m */ = {isa = PBXFileReference; fileEncoding = 4; lastKnownFileType = sourcecode.c.objc; path = LoginViewController.m; sourceTree = "<group>"; };
		EDF7A21B17F77AF900875DD8 /* LoginView_iPhone.xib */ = {isa = PBXFileReference; fileEncoding = 4; lastKnownFileType = file.xib; name = LoginView_iPhone.xib; path = w2connect/LoginView_iPhone.xib; sourceTree = "<group>"; };
/* End PBXFileReference section */

/* Begin PBXFrameworksBuildPhase section */
		EDF7A1C117F76F2B00875DD8 /* Frameworks */ = {
			isa = PBXFrameworksBuildPhase;
			buildActionMask = 2147483647;
			files = (
				ED1B5D291804C3D4005E8F90 /* libz.dylib in Frameworks */,
				EDF7A1C817F76F2B00875DD8 /* UIKit.framework in Frameworks */,
				EDF7A1CA17F76F2B00875DD8 /* Foundation.framework in Frameworks */,
				EDF7A1CC17F76F2B00875DD8 /* CoreGraphics.framework in Frameworks */,
				D23F8FE8476E46B78251D359 /* libPods.a in Frameworks */,
				ED1B5D251804C395005E8F90 /* libTestFlight.a in Frameworks */,
			);
			runOnlyForDeploymentPostprocessing = 0;
		};
		EDF7A1FA17F76F2C00875DD8 /* Frameworks */ = {
			isa = PBXFrameworksBuildPhase;
			buildActionMask = 2147483647;
			files = (
				EDF7A20017F76F2C00875DD8 /* SenTestingKit.framework in Frameworks */,
				EDF7A20117F76F2C00875DD8 /* UIKit.framework in Frameworks */,
				EDF7A20217F76F2C00875DD8 /* Foundation.framework in Frameworks */,
			);
			runOnlyForDeploymentPostprocessing = 0;
		};
/* End PBXFrameworksBuildPhase section */

/* Begin PBXGroup section */
		ED1B5CFE1804631B005E8F90 /* Models */ = {
			isa = PBXGroup;
			children = (
				ED1B5CFF18046334005E8F90 /* User.h */,
				ED1B5D0018046334005E8F90 /* User.m */,
			);
			name = Models;
			sourceTree = "<group>";
		};
		ED1B5D021804633F005E8F90 /* Views */ = {
			isa = PBXGroup;
			children = (
				ED29359A1808C4F6008537F1 /* attendeelist@2x.png */,
				ED29359B1808C4F6008537F1 /* attendeelist.png */,
				ED29359C1808C4F6008537F1 /* photo.png */,
				ED29359D1808C4F6008537F1 /* photo@2x.png */,
				ED29359E1808C4F6008537F1 /* profile@2x.png */,
				ED29359F1808C4F6008537F1 /* profile.png */,
				ED2935A01808C4F6008537F1 /* search@2x.png */,
				ED2935A11808C4F6008537F1 /* search.png */,
				ED2935A21808C4F6008537F1 /* addphoto@2x.png */,
				ED2935A31808C4F6008537F1 /* addphoto.png */,
				ED2935981808C40C008537F1 /* women2logo.png */,
				ED1B5D1C1804BB37005E8F90 /* gray_button.png */,
				ED1B5CFA180354A3005E8F90 /* SearchVC.xib */,
				ED1B5D1A1804BA34005E8F90 /* pink_button.png */,
				EDF7A21B17F77AF900875DD8 /* LoginView_iPhone.xib */,
				ED81993D17F79BD000BB9BC7 /* Attending_iPhone.xib */,
				ED1B5CF518035493005E8F90 /* ProfileVC.xib */,
				ED94E74F180524030079F7A8 /* PhotoVC.xib */,
				ED94E75418052ECA0079F7A8 /* wizard1VC.xib */,
			);
			name = Views;
			path = ..;
			sourceTree = "<group>";
		};
		ED1B5D031804636B005E8F90 /* Controllers */ = {
			isa = PBXGroup;
			children = (
				EDF7A1D617F76F2B00875DD8 /* AppDelegate.h */,
				EDF7A1D717F76F2B00875DD8 /* AppDelegate.m */,
				EDF7A21617F779B300875DD8 /* LoginViewController.h */,
				EDF7A21717F779B300875DD8 /* LoginViewController.m */,
				ED81993A17F798E700BB9BC7 /* AttendingViewController.h */,
				ED81993B17F798E700BB9BC7 /* AttendingViewController.m */,
				ED1B5CF318035493005E8F90 /* ProfileVC.h */,
				ED1B5CF418035493005E8F90 /* ProfileVC.m */,
				ED1B5CF8180354A3005E8F90 /* SearchVC.h */,
				ED1B5CF9180354A3005E8F90 /* SearchVC.m */,
				ED94E74A180523130079F7A8 /* PhotoVC.h */,
				ED94E74B180523130079F7A8 /* PhotoVC.m */,
				ED94E75218052ECA0079F7A8 /* wizard1VC.h */,
				ED94E75318052ECA0079F7A8 /* wizard1VC.m */,
			);
			name = Controllers;
			sourceTree = "<group>";
		};
		ED1B5D051804B408005E8F90 /* Fonts */ = {
			isa = PBXGroup;
			children = (
				ED1B5D061804B415005E8F90 /* Lato-Bol.ttf */,
				ED1B5D071804B415005E8F90 /* Lato-Hai.ttf */,
				ED1B5D081804B415005E8F90 /* Lato-BolIta.ttf */,
				ED1B5D091804B415005E8F90 /* Lato-Reg.ttf */,
				ED1B5D0A1804B415005E8F90 /* Lato-Bla.ttf */,
				ED1B5D0B1804B415005E8F90 /* Lato-RegIta.ttf */,
				ED1B5D0C1804B415005E8F90 /* Lato-Lig.ttf */,
				ED1B5D0D1804B415005E8F90 /* Lato-HaiIta.ttf */,
				ED1B5D0E1804B415005E8F90 /* Lato-LigIta.ttf */,
				ED1B5D0F1804B415005E8F90 /* Lato-BlaIta.ttf */,
			);
			name = Fonts;
			sourceTree = "<group>";
		};
		ED1B5D1E1804C394005E8F90 /* TestFlightSDK2.0.2 */ = {
			isa = PBXGroup;
			children = (
				ED1B5D1F1804C395005E8F90 /* libTestFlight.a */,
				ED1B5D201804C395005E8F90 /* README.md */,
				ED1B5D211804C395005E8F90 /* release_notes.md */,
				ED1B5D221804C395005E8F90 /* TestFlight+AsyncLogging.h */,
				ED1B5D231804C395005E8F90 /* TestFlight+ManualSessions.h */,
				ED1B5D241804C395005E8F90 /* TestFlight.h */,
			);
			path = TestFlightSDK2.0.2;
			sourceTree = "<group>";
		};
		ED54A30A17F78A47009FB9D6 /* services */ = {
			isa = PBXGroup;
			children = (
				ED81993717F791A400BB9BC7 /* connectClient.h */,
				ED81993817F791A400BB9BC7 /* connectClient.m */,
			);
			name = services;
			sourceTree = "<group>";
		};
		EDF7A1BB17F76F2B00875DD8 = {
			isa = PBXGroup;
			children = (
				ED1B5D281804C3D4005E8F90 /* libz.dylib */,
				ED1B5D1E1804C394005E8F90 /* TestFlightSDK2.0.2 */,
				EDF7A1CD17F76F2B00875DD8 /* w2connect */,
				EDF7A20517F76F2C00875DD8 /* w2connectTests */,
				EDF7A1C617F76F2B00875DD8 /* Frameworks */,
				EDF7A1C517F76F2B00875DD8 /* Products */,
				140E2582299F40BCBFE90CA2 /* Pods.xcconfig */,
			);
			sourceTree = "<group>";
		};
		EDF7A1C517F76F2B00875DD8 /* Products */ = {
			isa = PBXGroup;
			children = (
				EDF7A1C417F76F2B00875DD8 /* connector.app */,
				EDF7A1FE17F76F2C00875DD8 /* connectorTests.octest */,
			);
			name = Products;
			sourceTree = "<group>";
		};
		EDF7A1C617F76F2B00875DD8 /* Frameworks */ = {
			isa = PBXGroup;
			children = (
				EDF7A1C717F76F2B00875DD8 /* UIKit.framework */,
				EDF7A1C917F76F2B00875DD8 /* Foundation.framework */,
				EDF7A1CB17F76F2B00875DD8 /* CoreGraphics.framework */,
				EDF7A1FF17F76F2C00875DD8 /* SenTestingKit.framework */,
				1685C0D730DD4647991C87BB /* libPods.a */,
			);
			name = Frameworks;
			sourceTree = "<group>";
		};
		EDF7A1CD17F76F2B00875DD8 /* w2connect */ = {
			isa = PBXGroup;
			children = (
				ED1B5D051804B408005E8F90 /* Fonts */,
				ED1B5CFE1804631B005E8F90 /* Models */,
				ED1B5D021804633F005E8F90 /* Views */,
				ED1B5D031804636B005E8F90 /* Controllers */,
				ED54A30A17F78A47009FB9D6 /* services */,
				EDF7A1CE17F76F2B00875DD8 /* Supporting Files */,
			);
			path = w2connect;
			sourceTree = "<group>";
		};
		EDF7A1CE17F76F2B00875DD8 /* Supporting Files */ = {
			isa = PBXGroup;
			children = (
				ED1B5D041804AFA0005E8F90 /* Constants.h */,
				EDF7A1CF17F76F2B00875DD8 /* connector-Info.plist */,
				EDF7A1D017F76F2B00875DD8 /* InfoPlist.strings */,
				EDF7A1D317F76F2B00875DD8 /* main.m */,
				EDF7A1D517F76F2B00875DD8 /* connector-Prefix.pch */,
				EDF7A1D917F76F2B00875DD8 /* Default.png */,
				EDF7A1DB17F76F2B00875DD8 /* Default@2x.png */,
				EDF7A1DD17F76F2B00875DD8 /* Default-568h@2x.png */,
			);
			name = "Supporting Files";
			sourceTree = "<group>";
		};
		EDF7A20517F76F2C00875DD8 /* w2connectTests */ = {
			isa = PBXGroup;
			children = (
				EDF7A20B17F76F2C00875DD8 /* w2connectTests.h */,
				EDF7A20C17F76F2C00875DD8 /* w2connectTests.m */,
				EDF7A20617F76F2C00875DD8 /* Supporting Files */,
			);
			path = w2connectTests;
			sourceTree = "<group>";
		};
		EDF7A20617F76F2C00875DD8 /* Supporting Files */ = {
			isa = PBXGroup;
			children = (
				EDF7A20717F76F2C00875DD8 /* connectorTests-Info.plist */,
				EDF7A20817F76F2C00875DD8 /* InfoPlist.strings */,
			);
			name = "Supporting Files";
			sourceTree = "<group>";
		};
/* End PBXGroup section */

/* Begin PBXNativeTarget section */
		EDF7A1C317F76F2B00875DD8 /* connector */ = {
			isa = PBXNativeTarget;
			buildConfigurationList = EDF7A21017F76F2C00875DD8 /* Build configuration list for PBXNativeTarget "connector" */;
			buildPhases = (
				35AC4F9B07E64D03B2A7C460 /* Check Pods Manifest.lock */,
				EDF7A1C017F76F2B00875DD8 /* Sources */,
				EDF7A1C117F76F2B00875DD8 /* Frameworks */,
				EDF7A1C217F76F2B00875DD8 /* Resources */,
				E695B9249E1847A888FC16FB /* Copy Pods Resources */,
			);
			buildRules = (
			);
			dependencies = (
			);
			name = connector;
			productName = w2connect;
			productReference = EDF7A1C417F76F2B00875DD8 /* connector.app */;
			productType = "com.apple.product-type.application";
		};
		EDF7A1FD17F76F2C00875DD8 /* connectorTests */ = {
			isa = PBXNativeTarget;
			buildConfigurationList = EDF7A21317F76F2C00875DD8 /* Build configuration list for PBXNativeTarget "connectorTests" */;
			buildPhases = (
				EDF7A1F917F76F2C00875DD8 /* Sources */,
				EDF7A1FA17F76F2C00875DD8 /* Frameworks */,
				EDF7A1FB17F76F2C00875DD8 /* Resources */,
				EDF7A1FC17F76F2C00875DD8 /* ShellScript */,
			);
			buildRules = (
			);
			dependencies = (
				EDF7A20417F76F2C00875DD8 /* PBXTargetDependency */,
			);
			name = connectorTests;
			productName = w2connectTests;
			productReference = EDF7A1FE17F76F2C00875DD8 /* connectorTests.octest */;
			productType = "com.apple.product-type.bundle";
		};
/* End PBXNativeTarget section */

/* Begin PBXProject section */
		EDF7A1BC17F76F2B00875DD8 /* Project object */ = {
			isa = PBXProject;
			attributes = {
				LastUpgradeCheck = 0460;
				ORGANIZATIONNAME = "Anna Billstrom";
				TargetAttributes = {
					EDF7A1C317F76F2B00875DD8 = {
						DevelopmentTeam = 3PKSYT4R4Q;
					};
				};
			};
			buildConfigurationList = EDF7A1BF17F76F2B00875DD8 /* Build configuration list for PBXProject "connector" */;
			compatibilityVersion = "Xcode 3.2";
			developmentRegion = English;
			hasScannedForEncodings = 0;
			knownRegions = (
				en,
			);
			mainGroup = EDF7A1BB17F76F2B00875DD8;
			productRefGroup = EDF7A1C517F76F2B00875DD8 /* Products */;
			projectDirPath = "";
			projectRoot = "";
			targets = (
				EDF7A1C317F76F2B00875DD8 /* connector */,
				EDF7A1FD17F76F2C00875DD8 /* connectorTests */,
			);
		};
/* End PBXProject section */

/* Begin PBXResourcesBuildPhase section */
		EDF7A1C217F76F2B00875DD8 /* Resources */ = {
			isa = PBXResourcesBuildPhase;
			buildActionMask = 2147483647;
			files = (
				ED2935AA1808C4F6008537F1 /* search@2x.png in Resources */,
				EDF7A1D217F76F2B00875DD8 /* InfoPlist.strings in Resources */,
				EDF7A1DA17F76F2B00875DD8 /* Default.png in Resources */,
				EDF7A1DC17F76F2B00875DD8 /* Default@2x.png in Resources */,
				EDF7A1DE17F76F2B00875DD8 /* Default-568h@2x.png in Resources */,
				EDF7A21C17F77AF900875DD8 /* LoginView_iPhone.xib in Resources */,
				ED2935A51808C4F6008537F1 /* attendeelist.png in Resources */,
				ED2935AB1808C4F6008537F1 /* search.png in Resources */,
				ED2935A71808C4F6008537F1 /* photo@2x.png in Resources */,
				ED2935AC1808C4F6008537F1 /* addphoto@2x.png in Resources */,
				ED81993E17F79BD000BB9BC7 /* Attending_iPhone.xib in Resources */,
				ED1B5CF718035493005E8F90 /* ProfileVC.xib in Resources */,
				ED1B5CFC180354A3005E8F90 /* SearchVC.xib in Resources */,
				ED1B5D101804B415005E8F90 /* Lato-Bol.ttf in Resources */,
				ED1B5D111804B415005E8F90 /* Lato-Hai.ttf in Resources */,
				ED2935A91808C4F6008537F1 /* profile.png in Resources */,
				ED1B5D121804B415005E8F90 /* Lato-BolIta.ttf in Resources */,
				ED1B5D131804B415005E8F90 /* Lato-Reg.ttf in Resources */,
				ED2935A81808C4F6008537F1 /* profile@2x.png in Resources */,
				ED2935A41808C4F6008537F1 /* attendeelist@2x.png in Resources */,
				ED2935A61808C4F6008537F1 /* photo.png in Resources */,
				ED2935991808C40D008537F1 /* women2logo.png in Resources */,
				ED1B5D141804B415005E8F90 /* Lato-Bla.ttf in Resources */,
				ED1B5D151804B415005E8F90 /* Lato-RegIta.ttf in Resources */,
				ED1B5D161804B415005E8F90 /* Lato-Lig.ttf in Resources */,
				ED2935AD1808C4F6008537F1 /* addphoto.png in Resources */,
				ED1B5D171804B415005E8F90 /* Lato-HaiIta.ttf in Resources */,
				ED1B5D181804B415005E8F90 /* Lato-LigIta.ttf in Resources */,
				ED1B5D191804B415005E8F90 /* Lato-BlaIta.ttf in Resources */,
				ED1B5D1B1804BA34005E8F90 /* pink_button.png in Resources */,
				ED1B5D1D1804BB37005E8F90 /* gray_button.png in Resources */,
				ED1B5D261804C395005E8F90 /* README.md in Resources */,
				ED1B5D271804C395005E8F90 /* release_notes.md in Resources */,
				ED94E750180524030079F7A8 /* PhotoVC.xib in Resources */,
				ED94E75618052ECA0079F7A8 /* wizard1VC.xib in Resources */,
			);
			runOnlyForDeploymentPostprocessing = 0;
		};
		EDF7A1FB17F76F2C00875DD8 /* Resources */ = {
			isa = PBXResourcesBuildPhase;
			buildActionMask = 2147483647;
			files = (
				EDF7A20A17F76F2C00875DD8 /* InfoPlist.strings in Resources */,
			);
			runOnlyForDeploymentPostprocessing = 0;
		};
/* End PBXResourcesBuildPhase section */

/* Begin PBXShellScriptBuildPhase section */
		35AC4F9B07E64D03B2A7C460 /* Check Pods Manifest.lock */ = {
			isa = PBXShellScriptBuildPhase;
			buildActionMask = 2147483647;
			files = (
			);
			inputPaths = (
			);
			name = "Check Pods Manifest.lock";
			outputPaths = (
			);
			runOnlyForDeploymentPostprocessing = 0;
			shellPath = /bin/sh;
			shellScript = "diff \"${PODS_ROOT}/../Podfile.lock\" \"${PODS_ROOT}/Manifest.lock\" > /dev/null\nif [[ $? != 0 ]] ; then\n    cat << EOM\nerror: The sandbox is not in sync with the Podfile.lock. Run 'pod install' or update your CocoaPods installation.\nEOM\n    exit 1\nfi\n";
			showEnvVarsInLog = 0;
		};
		E695B9249E1847A888FC16FB /* Copy Pods Resources */ = {
			isa = PBXShellScriptBuildPhase;
			buildActionMask = 2147483647;
			files = (
			);
			inputPaths = (
			);
			name = "Copy Pods Resources";
			outputPaths = (
			);
			runOnlyForDeploymentPostprocessing = 0;
			shellPath = /bin/sh;
			shellScript = "\"${SRCROOT}/Pods/Pods-resources.sh\"\n";
			showEnvVarsInLog = 0;
		};
		EDF7A1FC17F76F2C00875DD8 /* ShellScript */ = {
			isa = PBXShellScriptBuildPhase;
			buildActionMask = 2147483647;
			files = (
			);
			inputPaths = (
			);
			outputPaths = (
			);
			runOnlyForDeploymentPostprocessing = 0;
			shellPath = /bin/sh;
			shellScript = "# Run the unit tests in this test bundle.\n\"${SYSTEM_DEVELOPER_DIR}/Tools/RunUnitTests\"\n";
		};
/* End PBXShellScriptBuildPhase section */

/* Begin PBXSourcesBuildPhase section */
		EDF7A1C017F76F2B00875DD8 /* Sources */ = {
			isa = PBXSourcesBuildPhase;
			buildActionMask = 2147483647;
			files = (
				EDF7A1D417F76F2B00875DD8 /* main.m in Sources */,
				EDF7A1D817F76F2B00875DD8 /* AppDelegate.m in Sources */,
				EDF7A21917F779B300875DD8 /* LoginViewController.m in Sources */,
				ED81993917F791A400BB9BC7 /* connectClient.m in Sources */,
				ED81993C17F798E700BB9BC7 /* AttendingViewController.m in Sources */,
				ED1B5CF618035493005E8F90 /* ProfileVC.m in Sources */,
				ED1B5CFB180354A3005E8F90 /* SearchVC.m in Sources */,
				ED1B5D0118046334005E8F90 /* User.m in Sources */,
				ED94E74C180523130079F7A8 /* PhotoVC.m in Sources */,
				ED94E75518052ECA0079F7A8 /* wizard1VC.m in Sources */,
			);
			runOnlyForDeploymentPostprocessing = 0;
		};
		EDF7A1F917F76F2C00875DD8 /* Sources */ = {
			isa = PBXSourcesBuildPhase;
			buildActionMask = 2147483647;
			files = (
				EDF7A20D17F76F2C00875DD8 /* w2connectTests.m in Sources */,
			);
			runOnlyForDeploymentPostprocessing = 0;
		};
/* End PBXSourcesBuildPhase section */

/* Begin PBXTargetDependency section */
		EDF7A20417F76F2C00875DD8 /* PBXTargetDependency */ = {
			isa = PBXTargetDependency;
			target = EDF7A1C317F76F2B00875DD8 /* connector */;
			targetProxy = EDF7A20317F76F2C00875DD8 /* PBXContainerItemProxy */;
		};
/* End PBXTargetDependency section */

/* Begin PBXVariantGroup section */
		EDF7A1D017F76F2B00875DD8 /* InfoPlist.strings */ = {
			isa = PBXVariantGroup;
			children = (
				EDF7A1D117F76F2B00875DD8 /* en */,
			);
			name = InfoPlist.strings;
			sourceTree = "<group>";
		};
		EDF7A20817F76F2C00875DD8 /* InfoPlist.strings */ = {
			isa = PBXVariantGroup;
			children = (
				EDF7A20917F76F2C00875DD8 /* en */,
			);
			name = InfoPlist.strings;
			sourceTree = "<group>";
		};
/* End PBXVariantGroup section */

/* Begin XCBuildConfiguration section */
		EDF7A20E17F76F2C00875DD8 /* Debug */ = {
			isa = XCBuildConfiguration;
			buildSettings = {
				ALWAYS_SEARCH_USER_PATHS = NO;
				CLANG_CXX_LANGUAGE_STANDARD = "gnu++0x";
				CLANG_CXX_LIBRARY = "libc++";
				CLANG_ENABLE_OBJC_ARC = YES;
				CLANG_WARN_CONSTANT_CONVERSION = YES;
				CLANG_WARN_EMPTY_BODY = YES;
				CLANG_WARN_ENUM_CONVERSION = YES;
				CLANG_WARN_INT_CONVERSION = YES;
				CLANG_WARN__DUPLICATE_METHOD_MATCH = YES;
				"CODE_SIGN_IDENTITY[sdk=iphoneos*]" = "iPhone Developer";
				COPY_PHASE_STRIP = NO;
				GCC_C_LANGUAGE_STANDARD = gnu99;
				GCC_DYNAMIC_NO_PIC = NO;
				GCC_OPTIMIZATION_LEVEL = 0;
				GCC_PREPROCESSOR_DEFINITIONS = (
					"DEBUG=1",
					"$(inherited)",
				);
				GCC_SYMBOLS_PRIVATE_EXTERN = NO;
				GCC_WARN_ABOUT_RETURN_TYPE = YES;
				GCC_WARN_UNINITIALIZED_AUTOS = YES;
				GCC_WARN_UNUSED_VARIABLE = YES;
				IPHONEOS_DEPLOYMENT_TARGET = 5.1;
				ONLY_ACTIVE_ARCH = YES;
				SDKROOT = iphoneos;
				TARGETED_DEVICE_FAMILY = "1,2";
			};
			name = Debug;
		};
		EDF7A20F17F76F2C00875DD8 /* Release */ = {
			isa = XCBuildConfiguration;
			buildSettings = {
				ALWAYS_SEARCH_USER_PATHS = NO;
				CLANG_CXX_LANGUAGE_STANDARD = "gnu++0x";
				CLANG_CXX_LIBRARY = "libc++";
				CLANG_ENABLE_OBJC_ARC = YES;
				CLANG_WARN_CONSTANT_CONVERSION = YES;
				CLANG_WARN_EMPTY_BODY = YES;
				CLANG_WARN_ENUM_CONVERSION = YES;
				CLANG_WARN_INT_CONVERSION = YES;
				CLANG_WARN__DUPLICATE_METHOD_MATCH = YES;
				CODE_SIGN_IDENTITY = "iPhone Distribution: Anna BILLSTROM (3PKSYT4R4Q)";
				"CODE_SIGN_IDENTITY[sdk=iphoneos*]" = "iPhone Distribution: Anna BILLSTROM (3PKSYT4R4Q)";
				COPY_PHASE_STRIP = YES;
				GCC_C_LANGUAGE_STANDARD = gnu99;
				GCC_WARN_ABOUT_RETURN_TYPE = YES;
				GCC_WARN_UNINITIALIZED_AUTOS = YES;
				GCC_WARN_UNUSED_VARIABLE = YES;
				IPHONEOS_DEPLOYMENT_TARGET = 5.1;
				OTHER_CFLAGS = "-DNS_BLOCK_ASSERTIONS=1";
				PROVISIONING_PROFILE = "528C2E12-0F05-415A-BDFB-7D27592A2A3B";
				"PROVISIONING_PROFILE[sdk=iphoneos*]" = "528C2E12-0F05-415A-BDFB-7D27592A2A3B";
				SDKROOT = iphoneos;
				TARGETED_DEVICE_FAMILY = "1,2";
				VALIDATE_PRODUCT = YES;
			};
			name = Release;
		};
		EDF7A21117F76F2C00875DD8 /* Debug */ = {
			isa = XCBuildConfiguration;
			baseConfigurationReference = 140E2582299F40BCBFE90CA2 /* Pods.xcconfig */;
			buildSettings = {
				CODE_SIGN_IDENTITY = "iPhone Developer";
				"CODE_SIGN_IDENTITY[sdk=iphoneos*]" = "iPhone Developer";
				GCC_PRECOMPILE_PREFIX_HEADER = YES;
				GCC_PREFIX_HEADER = "w2connect/connector-Prefix.pch";
				INFOPLIST_FILE = "w2connect/connector-Info.plist";
				IPHONEOS_DEPLOYMENT_TARGET = 5.1;
				LIBRARY_SEARCH_PATHS = (
					"$(inherited)",
					"\"$(SRCROOT)/TestFlightSDK2.0.2\"",
				);
				PRODUCT_NAME = connector;
				PROVISIONING_PROFILE = "";
				TARGETED_DEVICE_FAMILY = 1;
				WRAPPER_EXTENSION = app;
			};
			name = Debug;
		};
		EDF7A21217F76F2C00875DD8 /* Release */ = {
			isa = XCBuildConfiguration;
			baseConfigurationReference = 140E2582299F40BCBFE90CA2 /* Pods.xcconfig */;
			buildSettings = {
				CODE_SIGN_IDENTITY = "iPhone Developer";
				"CODE_SIGN_IDENTITY[sdk=iphoneos*]" = "iPhone Developer";
				GCC_PRECOMPILE_PREFIX_HEADER = YES;
				GCC_PREFIX_HEADER = "w2connect/connector-Prefix.pch";
				INFOPLIST_FILE = "w2connect/connector-Info.plist";
				IPHONEOS_DEPLOYMENT_TARGET = 5.1;
				LIBRARY_SEARCH_PATHS = (
					"$(inherited)",
					"\"$(SRCROOT)/TestFlightSDK2.0.2\"",
				);
				PRODUCT_NAME = connector;
				PROVISIONING_PROFILE = "";
				TARGETED_DEVICE_FAMILY = 1;
				WRAPPER_EXTENSION = app;
			};
			name = Release;
		};
		EDF7A21417F76F2C00875DD8 /* Debug */ = {
			isa = XCBuildConfiguration;
			buildSettings = {
				BUNDLE_LOADER = "$(BUILT_PRODUCTS_DIR)/w2connect.app/w2connect";
				FRAMEWORK_SEARCH_PATHS = (
					"\"$(SDKROOT)/Developer/Library/Frameworks\"",
					"\"$(DEVELOPER_LIBRARY_DIR)/Frameworks\"",
				);
				GCC_PRECOMPILE_PREFIX_HEADER = YES;
				GCC_PREFIX_HEADER = "w2connect/w2connect-Prefix.pch";
				INFOPLIST_FILE = "w2connectTests/connectorTests-Info.plist";
				PRODUCT_NAME = connectorTests;
				TEST_HOST = "$(BUNDLE_LOADER)";
				WRAPPER_EXTENSION = octest;
			};
			name = Debug;
		};
		EDF7A21517F76F2C00875DD8 /* Release */ = {
			isa = XCBuildConfiguration;
			buildSettings = {
				BUNDLE_LOADER = "$(BUILT_PRODUCTS_DIR)/w2connect.app/w2connect";
				FRAMEWORK_SEARCH_PATHS = (
					"\"$(SDKROOT)/Developer/Library/Frameworks\"",
					"\"$(DEVELOPER_LIBRARY_DIR)/Frameworks\"",
				);
				GCC_PRECOMPILE_PREFIX_HEADER = YES;
				GCC_PREFIX_HEADER = "w2connect/w2connect-Prefix.pch";
				INFOPLIST_FILE = "w2connectTests/connectorTests-Info.plist";
				PRODUCT_NAME = connectorTests;
				TEST_HOST = "$(BUNDLE_LOADER)";
				WRAPPER_EXTENSION = octest;
			};
			name = Release;
		};
/* End XCBuildConfiguration section */

/* Begin XCConfigurationList section */
		EDF7A1BF17F76F2B00875DD8 /* Build configuration list for PBXProject "connector" */ = {
			isa = XCConfigurationList;
			buildConfigurations = (
				EDF7A20E17F76F2C00875DD8 /* Debug */,
				EDF7A20F17F76F2C00875DD8 /* Release */,
			);
			defaultConfigurationIsVisible = 0;
			defaultConfigurationName = Release;
		};
		EDF7A21017F76F2C00875DD8 /* Build configuration list for PBXNativeTarget "connector" */ = {
			isa = XCConfigurationList;
			buildConfigurations = (
				EDF7A21117F76F2C00875DD8 /* Debug */,
				EDF7A21217F76F2C00875DD8 /* Release */,
			);
			defaultConfigurationIsVisible = 0;
			defaultConfigurationName = Release;
		};
		EDF7A21317F76F2C00875DD8 /* Build configuration list for PBXNativeTarget "connectorTests" */ = {
			isa = XCConfigurationList;
			buildConfigurations = (
				EDF7A21417F76F2C00875DD8 /* Debug */,
				EDF7A21517F76F2C00875DD8 /* Release */,
			);
			defaultConfigurationIsVisible = 0;
			defaultConfigurationName = Release;
		};
/* End XCConfigurationList section */
	};
	rootObject = EDF7A1BC17F76F2B00875DD8 /* Project object */;
}
